{
  "lockfileVersion": 1,
  "workspaces": {
    "": {
      "name": "nue",
    },
    "packages/glow": {
      "name": "nue-glow",
      "version": "0.2.3",
    },
    "packages/hyper": {
      "name": "nue-hyper",
      "version": "0.1.1",
      "dependencies": {
        "domino": "^2.1.6",
      },
    },
    "packages/nuejs": {
      "name": "nuejs-core",
      "version": "0.5.3",
      "dependencies": {
        "htmlparser2": "^10.0.0",
      },
      "devDependencies": {
        "domino": "^2.1.6",
      },
    },
    "packages/nuejs.org": {
      "name": "nuejs.org",
    },
    "packages/nuekit": {
      "name": "nuekit",
      "version": "1.0.0-RC.4",
      "bin": {
        "nue": "./src/cli.js",
        "nue-node": "./src/cli-node.js",
      },
      "dependencies": {
        "@std/yaml": "npm:@jsr/std__yaml",
        "diff-dom": "^5.1.4",
        "nue-glow": "*",
        "nuejs-core": "*",
        "nuemark": "*",
      },
      "devDependencies": {
        "esbuild": "^0.25.2",
        "lightningcss": "^1.29.3",
      },
      "peerDependencies": {
        "esbuild": "^0.25",
        "lightningcss": "^1.29",
      },
      "optionalPeers": [
        "esbuild",
        "lightningcss",
      ],
    },
    "packages/nuemark": {
      "name": "nuemark",
      "version": "0.6.3",
      "dependencies": {
        "@std/yaml": "npm:@jsr/std__yaml",
        "nue-glow": "*",
      },
    },
  },
  "packages": {
    "@esbuild/aix-ppc64": ["@esbuild/aix-ppc64@0.25.4", "", { "os": "aix", "cpu": "ppc64" }, "sha512-1VCICWypeQKhVbE9oW/sJaAmjLxhVqacdkvPLEjwlttjfwENRSClS8EjBz0KzRyFSCPDIkuXW34Je/vk7zdB7Q=="],

    "@esbuild/android-arm": ["@esbuild/android-arm@0.25.4", "", { "os": "android", "cpu": "arm" }, "sha512-QNdQEps7DfFwE3hXiU4BZeOV68HHzYwGd0Nthhd3uCkkEKK7/R6MTgM0P7H7FAs5pU/DIWsviMmEGxEoxIZ+ZQ=="],

    "@esbuild/android-arm64": ["@esbuild/android-arm64@0.25.4", "", { "os": "android", "cpu": "arm64" }, "sha512-bBy69pgfhMGtCnwpC/x5QhfxAz/cBgQ9enbtwjf6V9lnPI/hMyT9iWpR1arm0l3kttTr4L0KSLpKmLp/ilKS9A=="],

    "@esbuild/android-x64": ["@esbuild/android-x64@0.25.4", "", { "os": "android", "cpu": "x64" }, "sha512-TVhdVtQIFuVpIIR282btcGC2oGQoSfZfmBdTip2anCaVYcqWlZXGcdcKIUklfX2wj0JklNYgz39OBqh2cqXvcQ=="],

    "@esbuild/darwin-arm64": ["@esbuild/darwin-arm64@0.25.4", "", { "os": "darwin", "cpu": "arm64" }, "sha512-Y1giCfM4nlHDWEfSckMzeWNdQS31BQGs9/rouw6Ub91tkK79aIMTH3q9xHvzH8d0wDru5Ci0kWB8b3up/nl16g=="],

    "@esbuild/darwin-x64": ["@esbuild/darwin-x64@0.25.4", "", { "os": "darwin", "cpu": "x64" }, "sha512-CJsry8ZGM5VFVeyUYB3cdKpd/H69PYez4eJh1W/t38vzutdjEjtP7hB6eLKBoOdxcAlCtEYHzQ/PJ/oU9I4u0A=="],

    "@esbuild/freebsd-arm64": ["@esbuild/freebsd-arm64@0.25.4", "", { "os": "freebsd", "cpu": "arm64" }, "sha512-yYq+39NlTRzU2XmoPW4l5Ifpl9fqSk0nAJYM/V/WUGPEFfek1epLHJIkTQM6bBs1swApjO5nWgvr843g6TjxuQ=="],

    "@esbuild/freebsd-x64": ["@esbuild/freebsd-x64@0.25.4", "", { "os": "freebsd", "cpu": "x64" }, "sha512-0FgvOJ6UUMflsHSPLzdfDnnBBVoCDtBTVyn/MrWloUNvq/5SFmh13l3dvgRPkDihRxb77Y17MbqbCAa2strMQQ=="],

    "@esbuild/linux-arm": ["@esbuild/linux-arm@0.25.4", "", { "os": "linux", "cpu": "arm" }, "sha512-kro4c0P85GMfFYqW4TWOpvmF8rFShbWGnrLqlzp4X1TNWjRY3JMYUfDCtOxPKOIY8B0WC8HN51hGP4I4hz4AaQ=="],

    "@esbuild/linux-arm64": ["@esbuild/linux-arm64@0.25.4", "", { "os": "linux", "cpu": "arm64" }, "sha512-+89UsQTfXdmjIvZS6nUnOOLoXnkUTB9hR5QAeLrQdzOSWZvNSAXAtcRDHWtqAUtAmv7ZM1WPOOeSxDzzzMogiQ=="],

    "@esbuild/linux-ia32": ["@esbuild/linux-ia32@0.25.4", "", { "os": "linux", "cpu": "ia32" }, "sha512-yTEjoapy8UP3rv8dB0ip3AfMpRbyhSN3+hY8mo/i4QXFeDxmiYbEKp3ZRjBKcOP862Ua4b1PDfwlvbuwY7hIGQ=="],

    "@esbuild/linux-loong64": ["@esbuild/linux-loong64@0.25.4", "", { "os": "linux", "cpu": "none" }, "sha512-NeqqYkrcGzFwi6CGRGNMOjWGGSYOpqwCjS9fvaUlX5s3zwOtn1qwg1s2iE2svBe4Q/YOG1q6875lcAoQK/F4VA=="],

    "@esbuild/linux-mips64el": ["@esbuild/linux-mips64el@0.25.4", "", { "os": "linux", "cpu": "none" }, "sha512-IcvTlF9dtLrfL/M8WgNI/qJYBENP3ekgsHbYUIzEzq5XJzzVEV/fXY9WFPfEEXmu3ck2qJP8LG/p3Q8f7Zc2Xg=="],

    "@esbuild/linux-ppc64": ["@esbuild/linux-ppc64@0.25.4", "", { "os": "linux", "cpu": "ppc64" }, "sha512-HOy0aLTJTVtoTeGZh4HSXaO6M95qu4k5lJcH4gxv56iaycfz1S8GO/5Jh6X4Y1YiI0h7cRyLi+HixMR+88swag=="],

    "@esbuild/linux-riscv64": ["@esbuild/linux-riscv64@0.25.4", "", { "os": "linux", "cpu": "none" }, "sha512-i8JUDAufpz9jOzo4yIShCTcXzS07vEgWzyX3NH2G7LEFVgrLEhjwL3ajFE4fZI3I4ZgiM7JH3GQ7ReObROvSUA=="],

    "@esbuild/linux-s390x": ["@esbuild/linux-s390x@0.25.4", "", { "os": "linux", "cpu": "s390x" }, "sha512-jFnu+6UbLlzIjPQpWCNh5QtrcNfMLjgIavnwPQAfoGx4q17ocOU9MsQ2QVvFxwQoWpZT8DvTLooTvmOQXkO51g=="],

    "@esbuild/linux-x64": ["@esbuild/linux-x64@0.25.4", "", { "os": "linux", "cpu": "x64" }, "sha512-6e0cvXwzOnVWJHq+mskP8DNSrKBr1bULBvnFLpc1KY+d+irZSgZ02TGse5FsafKS5jg2e4pbvK6TPXaF/A6+CA=="],

    "@esbuild/netbsd-arm64": ["@esbuild/netbsd-arm64@0.25.4", "", { "os": "none", "cpu": "arm64" }, "sha512-vUnkBYxZW4hL/ie91hSqaSNjulOnYXE1VSLusnvHg2u3jewJBz3YzB9+oCw8DABeVqZGg94t9tyZFoHma8gWZQ=="],

    "@esbuild/netbsd-x64": ["@esbuild/netbsd-x64@0.25.4", "", { "os": "none", "cpu": "x64" }, "sha512-XAg8pIQn5CzhOB8odIcAm42QsOfa98SBeKUdo4xa8OvX8LbMZqEtgeWE9P/Wxt7MlG2QqvjGths+nq48TrUiKw=="],

    "@esbuild/openbsd-arm64": ["@esbuild/openbsd-arm64@0.25.4", "", { "os": "openbsd", "cpu": "arm64" }, "sha512-Ct2WcFEANlFDtp1nVAXSNBPDxyU+j7+tId//iHXU2f/lN5AmO4zLyhDcpR5Cz1r08mVxzt3Jpyt4PmXQ1O6+7A=="],

    "@esbuild/openbsd-x64": ["@esbuild/openbsd-x64@0.25.4", "", { "os": "openbsd", "cpu": "x64" }, "sha512-xAGGhyOQ9Otm1Xu8NT1ifGLnA6M3sJxZ6ixylb+vIUVzvvd6GOALpwQrYrtlPouMqd/vSbgehz6HaVk4+7Afhw=="],

    "@esbuild/sunos-x64": ["@esbuild/sunos-x64@0.25.4", "", { "os": "sunos", "cpu": "x64" }, "sha512-Mw+tzy4pp6wZEK0+Lwr76pWLjrtjmJyUB23tHKqEDP74R3q95luY/bXqXZeYl4NYlvwOqoRKlInQialgCKy67Q=="],

    "@esbuild/win32-arm64": ["@esbuild/win32-arm64@0.25.4", "", { "os": "win32", "cpu": "arm64" }, "sha512-AVUP428VQTSddguz9dO9ngb+E5aScyg7nOeJDrF1HPYu555gmza3bDGMPhmVXL8svDSoqPCsCPjb265yG/kLKQ=="],

    "@esbuild/win32-ia32": ["@esbuild/win32-ia32@0.25.4", "", { "os": "win32", "cpu": "ia32" }, "sha512-i1sW+1i+oWvQzSgfRcxxG2k4I9n3O9NRqy8U+uugaT2Dy7kLO9Y7wI72haOahxceMX8hZAzgGou1FhndRldxRg=="],

    "@esbuild/win32-x64": ["@esbuild/win32-x64@0.25.4", "", { "os": "win32", "cpu": "x64" }, "sha512-nOT2vZNw6hJ+z43oP1SPea/G/6AbN6X+bGNhNuq8NtRHy4wsMhw765IKLNmnjek7GvjWBYQ8Q5VBoYTFg9y1UQ=="],

    "@std/yaml": ["@jsr/std__yaml@1.0.6", "https://npm.jsr.io/~/11/@jsr/std__yaml/1.0.6.tgz", {}, "sha512-QONXs03MDKVUV/Nk9OI4O2SfQUgqhlYoueFlzxlfmzUvwSOTqJJxPaXLoHqoqAD1vYdFlFANHKpn+PBTxNkhxA=="],

    "detect-libc": ["detect-libc@2.0.4", "", {}, "sha512-3UDv+G9CsCKO1WKMGw9fwq/SWJYbI0c5Y7LU1AXYoDdbhE2AHQ6N6Nb34sG8Fj7T5APy8qXDCKuuIHd1BR0tVA=="],

    "diff-dom": ["diff-dom@5.1.4", "", {}, "sha512-TSEaVdVGictY1KHg7VpVw2nuM02YKC9C8/qBkGiCnkiAybVbu1zQTMj2/dnVLRO7Z62UsqzHGpXweiOj5/jaZg=="],

    "dom-serializer": ["dom-serializer@2.0.0", "", { "dependencies": { "domelementtype": "^2.3.0", "domhandler": "^5.0.2", "entities": "^4.2.0" } }, "sha512-wIkAryiqt/nV5EQKqQpo3SToSOV9J0DnbJqwK7Wv/Trc92zIAYZ4FlMu+JPFW1DfGFt81ZTCGgDEabffXeLyJg=="],

    "domelementtype": ["domelementtype@2.3.0", "", {}, "sha512-OLETBj6w0OsagBwdXnPdN0cnMfF9opN69co+7ZrbfPGrdpPVNBUj02spi6B1N7wChLQiPn4CSH/zJvXw56gmHw=="],

    "domhandler": ["domhandler@5.0.3", "", { "dependencies": { "domelementtype": "^2.3.0" } }, "sha512-cgwlv/1iFQiFnU96XXgROh8xTeetsnJiDsTc7TYCLFd9+/WNkIqPTxiM/8pSd8VIrhXGTf1Ny1q1hquVqDJB5w=="],

    "domino": ["domino@2.1.6", "", {}, "sha512-3VdM/SXBZX2omc9JF9nOPCtDaYQ67BGp5CoLpIQlO2KCAPETs8TcDHacF26jXadGbvUteZzRTeos2fhID5+ucQ=="],

    "domutils": ["domutils@3.2.2", "", { "dependencies": { "dom-serializer": "^2.0.0", "domelementtype": "^2.3.0", "domhandler": "^5.0.3" } }, "sha512-6kZKyUajlDuqlHKVX1w7gyslj9MPIXzIFiz/rGu35uC1wMi+kMhQwGhl4lt9unC9Vb9INnY9Z3/ZA3+FhASLaw=="],

    "entities": ["entities@6.0.0", "", {}, "sha512-aKstq2TDOndCn4diEyp9Uq/Flu2i1GlLkc6XIDQSDMuaFE3OPW5OphLCyQ5SpSJZTb4reN+kTcYru5yIfXoRPw=="],

    "esbuild": ["esbuild@0.25.4", "", { "optionalDependencies": { "@esbuild/aix-ppc64": "0.25.4", "@esbuild/android-arm": "0.25.4", "@esbuild/android-arm64": "0.25.4", "@esbuild/android-x64": "0.25.4", "@esbuild/darwin-arm64": "0.25.4", "@esbuild/darwin-x64": "0.25.4", "@esbuild/freebsd-arm64": "0.25.4", "@esbuild/freebsd-x64": "0.25.4", "@esbuild/linux-arm": "0.25.4", "@esbuild/linux-arm64": "0.25.4", "@esbuild/linux-ia32": "0.25.4", "@esbuild/linux-loong64": "0.25.4", "@esbuild/linux-mips64el": "0.25.4", "@esbuild/linux-ppc64": "0.25.4", "@esbuild/linux-riscv64": "0.25.4", "@esbuild/linux-s390x": "0.25.4", "@esbuild/linux-x64": "0.25.4", "@esbuild/netbsd-arm64": "0.25.4", "@esbuild/netbsd-x64": "0.25.4", "@esbuild/openbsd-arm64": "0.25.4", "@esbuild/openbsd-x64": "0.25.4", "@esbuild/sunos-x64": "0.25.4", "@esbuild/win32-arm64": "0.25.4", "@esbuild/win32-ia32": "0.25.4", "@esbuild/win32-x64": "0.25.4" }, "bin": { "esbuild": "bin/esbuild" } }, "sha512-8pgjLUcUjcgDg+2Q4NYXnPbo/vncAY4UmyaCm0jZevERqCHZIaWwdJHkf8XQtu4AxSKCdvrUbT0XUr1IdZzI8Q=="],

    "htmlparser2": ["htmlparser2@10.0.0", "", { "dependencies": { "domelementtype": "^2.3.0", "domhandler": "^5.0.3", "domutils": "^3.2.1", "entities": "^6.0.0" } }, "sha512-TwAZM+zE5Tq3lrEHvOlvwgj1XLWQCtaaibSN11Q+gGBAS7Y1uZSWwXXRe4iF6OXnaq1riyQAPFOBtYc77Mxq0g=="],

    "lightningcss": ["lightningcss@1.30.0", "", { "dependencies": { "detect-libc": "^2.0.3" }, "optionalDependencies": { "lightningcss-darwin-arm64": "1.30.0", "lightningcss-darwin-x64": "1.30.0", "lightningcss-freebsd-x64": "1.30.0", "lightningcss-linux-arm-gnueabihf": "1.30.0", "lightningcss-linux-arm64-gnu": "1.30.0", "lightningcss-linux-arm64-musl": "1.30.0", "lightningcss-linux-x64-gnu": "1.30.0", "lightningcss-linux-x64-musl": "1.30.0", "lightningcss-win32-arm64-msvc": "1.30.0", "lightningcss-win32-x64-msvc": "1.30.0" } }, "sha512-uuurN2onfoNwQtaWnX9UYLz6DlZHnUd88SceOXDAQzQ5+FJ+ELPgcC/EVtRJoFOveXe44zRE+foh2KMD/vQxqQ=="],

    "lightningcss-darwin-arm64": ["lightningcss-darwin-arm64@1.30.0", "", { "os": "darwin", "cpu": "arm64" }, "sha512-L9lhvW4rTHL6vaG1WU3Itj0ivtdBuwu7ufrKEbijRCPhS1pt1haXEXI8h9g73qCQsOaYs1GCc9chvSgxPmhpRA=="],

    "lightningcss-darwin-x64": ["lightningcss-darwin-x64@1.30.0", "", { "os": "darwin", "cpu": "x64" }, "sha512-+qNst+L3GGwG5LypEFTmDUOtNarQVh717Enk4AfmKfwlTrKCSe9kAiPyK7ces269a+f0jNSa8Uww8WwGFXzt8w=="],

    "lightningcss-freebsd-x64": ["lightningcss-freebsd-x64@1.30.0", "", { "os": "freebsd", "cpu": "x64" }, "sha512-/sfAWALScgggjjk5ZlmGdpFELwGPIwzAdfcBJcT6UTgQoDHzQ4aP41XTq3N4LL01U9dsJp6uAvCvmHX7snqTdg=="],

    "lightningcss-linux-arm-gnueabihf": ["lightningcss-linux-arm-gnueabihf@1.30.0", "", { "os": "linux", "cpu": "arm" }, "sha512-3B5val/f61unLgfZHEfkZGzunlyyL76l8xRoxFx+G0uwxK7rvaFcnkyf6k4Zto2STVj05FsLs+aTZoTqslPaug=="],

    "lightningcss-linux-arm64-gnu": ["lightningcss-linux-arm64-gnu@1.30.0", "", { "os": "linux", "cpu": "arm64" }, "sha512-Q45+fvm7eAAmorsEzc1ZBwajGnXDocB/nRaSldpHQa36QbP93GrzmBqfSdi2pEks2yXMxST4yznio24Q6en7Sg=="],

    "lightningcss-linux-arm64-musl": ["lightningcss-linux-arm64-musl@1.30.0", "", { "os": "linux", "cpu": "arm64" }, "sha512-RNZNW/AyKax8wWR4xMKoyAb40dqhzOtnAw4knjbyxJUUEL0wzBEXO3k44AS3UFRjxTyd/s46adVQXxE/vOaSgg=="],

    "lightningcss-linux-x64-gnu": ["lightningcss-linux-x64-gnu@1.30.0", "", { "os": "linux", "cpu": "x64" }, "sha512-ExVnSepsAyQb547i7SvPhS0SrgIDUjA1dYTT0DNFt/YsqfKhkxg405VDtMoV2MQGAyoEQIub+YK5NQo9Lw7IzQ=="],

    "lightningcss-linux-x64-musl": ["lightningcss-linux-x64-musl@1.30.0", "", { "os": "linux", "cpu": "x64" }, "sha512-e/nHeX5SAEcfAzyLob5H1Jhm8uHLKwpOIHzcURKnXTMFdBqIDOsETMhmcB5AGDqsr6Q5D9u0QVswDdRo+btSgg=="],

    "lightningcss-win32-arm64-msvc": ["lightningcss-win32-arm64-msvc@1.30.0", "", { "os": "win32", "cpu": "arm64" }, "sha512-Fd9XejM6GPHx5rv7I8aqsc8mBHs+TpHEVDalP5PVP986tF6rmiVfwQzM2Ic4Cn0rXbS3z95Ru8x50hnzfR2GDA=="],

    "lightningcss-win32-x64-msvc": ["lightningcss-win32-x64-msvc@1.30.0", "", { "os": "win32", "cpu": "x64" }, "sha512-2BhpVDbNa+HpXPu63EYfcsL2TCBKLeuMckx4d6UZCzaj1KVuSRXi6r7H3rUeaADuX5NB/BT2smP4HI3s6I1/Ag=="],

    "nue-glow": ["nue-glow@workspace:packages/glow"],

    "nue-hyper": ["nue-hyper@workspace:packages/hyper"],

    "nuejs-core": ["nuejs-core@workspace:packages/nuejs"],

    "nuejs.org": ["nuejs.org@workspace:packages/nuejs.org"],

    "nuekit": ["nuekit@workspace:packages/nuekit"],

    "nuemark": ["nuemark@workspace:packages/nuemark"],

    "dom-serializer/entities": ["entities@4.5.0", "", {}, "sha512-V0hjH4dGPh9Ao5p0MoRY6BVqtwCjhz6vI5LT8AJ55H+4g9/4vbHx1I54fS0XuclLhDHArPQCiMjDxjaL8fPxhw=="],
  }
}
