lockfileVersion: '9.0'

settings:
  autoInstallPeers: true
  excludeLinksFromLockfile: false

importers:

  .: {}

  packages/glow:
    devDependencies:
      lightningcss:
        specifier: ^1.26.0
        version: 1.26.0

  packages/nuejs:
    dependencies:
      htmlparser2:
        specifier: ^9.1.0
        version: 9.1.0

  packages/nuejs.org: {}

  packages/nuekit:
    dependencies:
      diff-dom:
        specifier: ^5.1.4
        version: 5.1.4
      es-main:
        specifier: ^1.3.0
        version: 1.3.0
      import-meta-resolve:
        specifier: ^4.1.0
        version: 4.1.0
      js-yaml:
        specifier: ^4.1.0
        version: 4.1.0
      lightningcss:
        specifier: ^1.26.0
        version: 1.26.0
      nue-glow:
        specifier: '*'
        version: 0.1.3
      nuejs-core:
        specifier: '*'
        version: 0.4.0
      nuemark:
        specifier: '*'
        version: 0.3.1
    devDependencies:
      '@happy-dom/global-registrator':
        specifier: ^14.12.3
        version: 14.12.3

  packages/nuemark:
    dependencies:
      js-yaml:
        specifier: ^4.1.0
        version: 4.1.0
      marked:
        specifier: ^13.0.3
        version: 13.0.3
      nue-glow:
        specifier: '*'
        version: 0.1.3

packages:

  '@happy-dom/global-registrator@14.12.3':
    resolution: {integrity: sha512-VL6mjnIhqD1l9zYBmdIx5Q3qNiNY0ZBByrDV2Z7hHDMsjhqwaVI2/uQZ7uyCsgRWvubSG1yZ74sEK2inDBBw/w==}
    engines: {node: '>=16.0.0'}

  argparse@2.0.1:
    resolution: {integrity: sha512-8+9WqebbFzpX9OR+Wa6O29asIogeRMzcGtAINdpMHHyAg10f05aSFVBbcEqGf/PXw1EjAZ+q2/bEBg3DvurK3Q==}

  detect-libc@1.0.3:
    resolution: {integrity: sha512-pGjwhsmsp4kL2RTz08wcOlGN83otlqHeD/Z5T8GXZB+/YcpQ/dgo+lbU8ZsGxV0HIvqqxo9l7mqYwyYMD9bKDg==}
    engines: {node: '>=0.10'}
    hasBin: true

  diff-dom@5.1.4:
    resolution: {integrity: sha512-TSEaVdVGictY1KHg7VpVw2nuM02YKC9C8/qBkGiCnkiAybVbu1zQTMj2/dnVLRO7Z62UsqzHGpXweiOj5/jaZg==}

  dom-serializer@2.0.0:
    resolution: {integrity: sha512-wIkAryiqt/nV5EQKqQpo3SToSOV9J0DnbJqwK7Wv/Trc92zIAYZ4FlMu+JPFW1DfGFt81ZTCGgDEabffXeLyJg==}

  domelementtype@2.3.0:
    resolution: {integrity: sha512-OLETBj6w0OsagBwdXnPdN0cnMfF9opN69co+7ZrbfPGrdpPVNBUj02spi6B1N7wChLQiPn4CSH/zJvXw56gmHw==}

  domhandler@5.0.3:
    resolution: {integrity: sha512-cgwlv/1iFQiFnU96XXgROh8xTeetsnJiDsTc7TYCLFd9+/WNkIqPTxiM/8pSd8VIrhXGTf1Ny1q1hquVqDJB5w==}
    engines: {node: '>= 4'}

  domutils@3.1.0:
    resolution: {integrity: sha512-H78uMmQtI2AhgDJjWeQmHwJJ2bLPD3GMmO7Zja/ZZh84wkm+4ut+IUnUdRa8uCGX88DiVx1j6FRe1XfxEgjEZA==}

  entities@4.5.0:
    resolution: {integrity: sha512-V0hjH4dGPh9Ao5p0MoRY6BVqtwCjhz6vI5LT8AJ55H+4g9/4vbHx1I54fS0XuclLhDHArPQCiMjDxjaL8fPxhw==}
    engines: {node: '>=0.12'}

  es-main@1.3.0:
    resolution: {integrity: sha512-AzORKdz1Zt97TzbYQnIrI3ZiibWpRXUfpo/w0xOJ20GpNYd2bd3MU9m31zS/aJ1TJl6JfLTok83Y8HjNunYT0A==}

  happy-dom@14.12.3:
    resolution: {integrity: sha512-vsYlEs3E9gLwA1Hp+w3qzu+RUDFf4VTT8cyKqVICoZ2k7WM++Qyd2LwzyTi5bqMJFiIC/vNpTDYuxdreENRK/g==}
    engines: {node: '>=16.0.0'}

  htmlparser2@9.1.0:
    resolution: {integrity: sha512-5zfg6mHUoaer/97TxnGpxmbR7zJtPwIYFMZ/H5ucTlPZhKvtum05yiPK3Mgai3a0DyVxv7qYqoweaEd2nrYQzQ==}

  import-meta-resolve@4.1.0:
    resolution: {integrity: sha512-I6fiaX09Xivtk+THaMfAwnA3MVA5Big1WHF1Dfx9hFuvNIWpXnorlkzhcQf6ehrqQiiZECRt1poOAkPmer3ruw==}

  js-yaml@4.1.0:
    resolution: {integrity: sha512-wpxZs9NoxZaJESJGIZTyDEaYpl0FKSA+FB9aJiyemKhMwkxQg63h4T1KJgUGHpTqPDNRcmmYLugrRjJlBtWvRA==}
    hasBin: true

  lightningcss-darwin-arm64@1.26.0:
    resolution: {integrity: sha512-n4TIvHO1NY1ondKFYpL2ZX0bcC2y6yjXMD6JfyizgR8BCFNEeArINDzEaeqlfX9bXz73Bpz/Ow0nu+1qiDrBKg==}
    engines: {node: '>= 12.0.0'}
    cpu: [arm64]
    os: [darwin]

  lightningcss-darwin-x64@1.26.0:
    resolution: {integrity: sha512-Rf9HuHIDi1R6/zgBkJh25SiJHF+dm9axUZW/0UoYCW1/8HV0gMI0blARhH4z+REmWiU1yYT/KyNF3h7tHyRXUg==}
    engines: {node: '>= 12.0.0'}
    cpu: [x64]
    os: [darwin]

  lightningcss-freebsd-x64@1.26.0:
    resolution: {integrity: sha512-C/io7POAxp6sZxFSVGezjajMlCKQ8KSwISLLGRq8xLQpQMokYrUoqYEwmIX8mLmF6C/CZPk0gFmRSzd8biWM0g==}
    engines: {node: '>= 12.0.0'}
    cpu: [x64]
    os: [freebsd]

  lightningcss-linux-arm-gnueabihf@1.26.0:
    resolution: {integrity: sha512-Aag9kqXqkyPSW+dXMgyWk66C984Nay2pY8Nws+67gHlDzV3cWh7TvFlzuaTaVFMVqdDTzN484LSK3u39zFBnzg==}
    engines: {node: '>= 12.0.0'}
    cpu: [arm]
    os: [linux]

  lightningcss-linux-arm64-gnu@1.26.0:
    resolution: {integrity: sha512-iJmZM7fUyVjH+POtdiCtExG+67TtPUTer7K/5A8DIfmPfrmeGvzfRyBltGhQz13Wi15K1lf2cPYoRaRh6vcwNA==}
    engines: {node: '>= 12.0.0'}
    cpu: [arm64]
    os: [linux]

  lightningcss-linux-arm64-musl@1.26.0:
    resolution: {integrity: sha512-XxoEL++tTkyuvu+wq/QS8bwyTXZv2y5XYCMcWL45b8XwkiS8eEEEej9BkMGSRwxa5J4K+LDeIhLrS23CpQyfig==}
    engines: {node: '>= 12.0.0'}
    cpu: [arm64]
    os: [linux]

  lightningcss-linux-x64-gnu@1.26.0:
    resolution: {integrity: sha512-1dkTfZQAYLj8MUSkd6L/+TWTG8V6Kfrzfa0T1fSlXCXQHrt1HC1/UepXHtKHDt/9yFwyoeayivxXAsApVxn6zA==}
    engines: {node: '>= 12.0.0'}
    cpu: [x64]
    os: [linux]

  lightningcss-linux-x64-musl@1.26.0:
    resolution: {integrity: sha512-yX3Rk9m00JGCUzuUhFEojY+jf/6zHs3XU8S8Vk+FRbnr4St7cjyMXdNjuA2LjiT8e7j8xHRCH8hyZ4H/btRE4A==}
    engines: {node: '>= 12.0.0'}
    cpu: [x64]
    os: [linux]

  lightningcss-win32-arm64-msvc@1.26.0:
    resolution: {integrity: sha512-X/597/cFnCogy9VItj/+7Tgu5VLbAtDF7KZDPdSw0MaL6FL940th1y3HiOzFIlziVvAtbo0RB3NAae1Oofr+Tw==}
    engines: {node: '>= 12.0.0'}
    cpu: [arm64]
    os: [win32]

  lightningcss-win32-x64-msvc@1.26.0:
    resolution: {integrity: sha512-pYS3EyGP3JRhfqEFYmfFDiZ9/pVNfy8jVIYtrx9TVNusVyDK3gpW1w/rbvroQ4bDJi7grdUtyrYU6V2xkY/bBw==}
    engines: {node: '>= 12.0.0'}
    cpu: [x64]
    os: [win32]

  lightningcss@1.26.0:
    resolution: {integrity: sha512-a/XZ5hdgifrofQJUArr5AiJjx26SwMam3SJUSMjgebZbESZ96i+6Qsl8tLi0kaUsdMzBWXh9sN1Oe6hp2/dkQw==}
    engines: {node: '>= 12.0.0'}

  marked@13.0.3:
    resolution: {integrity: sha512-rqRix3/TWzE9rIoFGIn8JmsVfhiuC8VIQ8IdX5TfzmeBucdY05/0UlzKaw0eVtpcN/OdVFpBk7CjKGo9iHJ/zA==}
    engines: {node: '>= 18'}
    hasBin: true

  marked@9.1.6:
    resolution: {integrity: sha512-jcByLnIFkd5gSXZmjNvS1TlmRhCXZjIzHYlaGkPlLIekG55JDR2Z4va9tZwCiP+/RDERiNhMOFu01xd6O5ct1Q==}
    engines: {node: '>= 16'}
    hasBin: true

  nue-glow@0.1.3:
    resolution: {integrity: sha512-XZDk/2zaJ1wODEXsKpSQN54W1uHPovqB70bEAbAAlPfpUtJsH/AynAHYX26MYsNWxFrFUCr2BIY4fVHJXSGJXA==}
    engines: {bun: '>= 1', node: '>= 18'}

  nuejs-core@0.4.0:
    resolution: {integrity: sha512-chAjj7U3DpEzHN3ztPlkIC3Vzdb1MDRuCgwxNEMiOW6BUdlefKTlDdCN22cJ1iipFncjrATo2RRvGaT8q5g8Kg==}
    engines: {bun: '>= 1', node: '>= 18'}

  nuemark@0.3.1:
    resolution: {integrity: sha512-d7O0Om5MU8/E5yeJ6W2m/ldPq/vMjwJxZeuySy5QPlMCIxAaejYEW2gYYRdEEE5GcGw61Lr3gCfk+DZ3jN9eVw==}

  webidl-conversions@7.0.0:
    resolution: {integrity: sha512-VwddBukDzu71offAQR975unBIGqfKZpM+8ZX6ySk8nYhVoo5CYaZyzt3YBvYtRtO+aoGlqxPg/B87NGVZ/fu6g==}
    engines: {node: '>=12'}

  whatwg-mimetype@3.0.0:
    resolution: {integrity: sha512-nt+N2dzIutVRxARx1nghPKGv1xHikU7HKdfafKkLNLindmPU/ch3U31NOCGGA/dmPcmb1VlofO0vnKAcsm0o/Q==}
    engines: {node: '>=12'}

snapshots:

  '@happy-dom/global-registrator@14.12.3':
    dependencies:
      happy-dom: 14.12.3

  argparse@2.0.1: {}

  detect-libc@1.0.3: {}

  diff-dom@5.1.4: {}

  dom-serializer@2.0.0:
    dependencies:
      domelementtype: 2.3.0
      domhandler: 5.0.3
      entities: 4.5.0

  domelementtype@2.3.0: {}

  domhandler@5.0.3:
    dependencies:
      domelementtype: 2.3.0

  domutils@3.1.0:
    dependencies:
      dom-serializer: 2.0.0
      domelementtype: 2.3.0
      domhandler: 5.0.3

  entities@4.5.0: {}

  es-main@1.3.0: {}

  happy-dom@14.12.3:
    dependencies:
      entities: 4.5.0
      webidl-conversions: 7.0.0
      whatwg-mimetype: 3.0.0

  htmlparser2@9.1.0:
    dependencies:
      domelementtype: 2.3.0
      domhandler: 5.0.3
      domutils: 3.1.0
      entities: 4.5.0

  import-meta-resolve@4.1.0: {}

  js-yaml@4.1.0:
    dependencies:
      argparse: 2.0.1

  lightningcss-darwin-arm64@1.26.0:
    optional: true

  lightningcss-darwin-x64@1.26.0:
    optional: true

  lightningcss-freebsd-x64@1.26.0:
    optional: true

  lightningcss-linux-arm-gnueabihf@1.26.0:
    optional: true

  lightningcss-linux-arm64-gnu@1.26.0:
    optional: true

  lightningcss-linux-arm64-musl@1.26.0:
    optional: true

  lightningcss-linux-x64-gnu@1.26.0:
    optional: true

  lightningcss-linux-x64-musl@1.26.0:
    optional: true

  lightningcss-win32-arm64-msvc@1.26.0:
    optional: true

  lightningcss-win32-x64-msvc@1.26.0:
    optional: true

  lightningcss@1.26.0:
    dependencies:
      detect-libc: 1.0.3
    optionalDependencies:
      lightningcss-darwin-arm64: 1.26.0
      lightningcss-darwin-x64: 1.26.0
      lightningcss-freebsd-x64: 1.26.0
      lightningcss-linux-arm-gnueabihf: 1.26.0
      lightningcss-linux-arm64-gnu: 1.26.0
      lightningcss-linux-arm64-musl: 1.26.0
      lightningcss-linux-x64-gnu: 1.26.0
      lightningcss-linux-x64-musl: 1.26.0
      lightningcss-win32-arm64-msvc: 1.26.0
      lightningcss-win32-x64-msvc: 1.26.0

  marked@13.0.3: {}

  marked@9.1.6: {}

  nue-glow@0.1.3: {}

  nuejs-core@0.4.0:
    dependencies:
      htmlparser2: 9.1.0

  nuemark@0.3.1:
    dependencies:
      js-yaml: 4.1.0
      marked: 9.1.6
      nue-glow: 0.1.3

  webidl-conversions@7.0.0: {}

  whatwg-mimetype@3.0.0: {}
