lockfileVersion: '6.0'

settings:
  autoInstallPeers: true
  excludeLinksFromLockfile: false

importers:

  .: {}

  packages/glow:
    devDependencies:
      lightningcss:
        specifier: ^1.23
        version: 1.23.0

  packages/nuejs:
    dependencies:
      htmlparser2:
        specifier: ^9.0.0
        version: 9.0.0

  packages/nuekit:
    dependencies:
      diff-dom:
        specifier: ^5.0.6
        version: 5.1.2
      es-main:
        specifier: ^1.3.0
        version: 1.3.0
      import-meta-resolve:
        specifier: ^4.0.0
        version: 4.0.0
      js-yaml:
        specifier: ^4.1.0
        version: 4.1.0
      lightningcss:
        specifier: ^1.24.0
        version: 1.24.0
      nue-glow:
        specifier: '*'
        version: link:../glow
      nuejs-core:
        specifier: '*'
        version: link:../nuejs
      nuemark:
        specifier: '*'
        version: link:../nuemark

  packages/nuemark:
    dependencies:
      js-yaml:
        specifier: ^4.1.0
        version: 4.1.0
      marked:
        specifier: ^9.1.2
        version: 9.1.6
      nue-glow:
        specifier: '*'
        version: link:../glow

packages:

  /argparse@2.0.1:
    resolution: {integrity: sha512-8+9WqebbFzpX9OR+Wa6O29asIogeRMzcGtAINdpMHHyAg10f05aSFVBbcEqGf/PXw1EjAZ+q2/bEBg3DvurK3Q==}
    dev: false

  /detect-libc@1.0.3:
    resolution: {integrity: sha512-pGjwhsmsp4kL2RTz08wcOlGN83otlqHeD/Z5T8GXZB+/YcpQ/dgo+lbU8ZsGxV0HIvqqxo9l7mqYwyYMD9bKDg==}
    engines: {node: '>=0.10'}
    hasBin: true

  /diff-dom@5.1.2:
    resolution: {integrity: sha512-ayOX+pBYzyLdt7iXFd+8jvWzhrcWk+9gQqYk7Zz8/0hpIsqSbtk6MNbtds+Ox6B8ONsdtIcfPmk3NXPdgb3+xQ==}
    dev: false

  /dom-serializer@2.0.0:
    resolution: {integrity: sha512-wIkAryiqt/nV5EQKqQpo3SToSOV9J0DnbJqwK7Wv/Trc92zIAYZ4FlMu+JPFW1DfGFt81ZTCGgDEabffXeLyJg==}
    dependencies:
      domelementtype: 2.3.0
      domhandler: 5.0.3
      entities: 4.5.0
    dev: false

  /domelementtype@2.3.0:
    resolution: {integrity: sha512-OLETBj6w0OsagBwdXnPdN0cnMfF9opN69co+7ZrbfPGrdpPVNBUj02spi6B1N7wChLQiPn4CSH/zJvXw56gmHw==}
    dev: false

  /domhandler@5.0.3:
    resolution: {integrity: sha512-cgwlv/1iFQiFnU96XXgROh8xTeetsnJiDsTc7TYCLFd9+/WNkIqPTxiM/8pSd8VIrhXGTf1Ny1q1hquVqDJB5w==}
    engines: {node: '>= 4'}
    dependencies:
      domelementtype: 2.3.0
    dev: false

  /domutils@3.1.0:
    resolution: {integrity: sha512-H78uMmQtI2AhgDJjWeQmHwJJ2bLPD3GMmO7Zja/ZZh84wkm+4ut+IUnUdRa8uCGX88DiVx1j6FRe1XfxEgjEZA==}
    dependencies:
      dom-serializer: 2.0.0
      domelementtype: 2.3.0
      domhandler: 5.0.3
    dev: false

  /entities@4.5.0:
    resolution: {integrity: sha512-V0hjH4dGPh9Ao5p0MoRY6BVqtwCjhz6vI5LT8AJ55H+4g9/4vbHx1I54fS0XuclLhDHArPQCiMjDxjaL8fPxhw==}
    engines: {node: '>=0.12'}
    dev: false

  /es-main@1.3.0:
    resolution: {integrity: sha512-AzORKdz1Zt97TzbYQnIrI3ZiibWpRXUfpo/w0xOJ20GpNYd2bd3MU9m31zS/aJ1TJl6JfLTok83Y8HjNunYT0A==}
    dev: false

  /htmlparser2@9.0.0:
    resolution: {integrity: sha512-uxbSI98wmFT/G4P2zXx4OVx04qWUmyFPrD2/CNepa2Zo3GPNaCaaxElDgwUrwYWkK1nr9fft0Ya8dws8coDLLQ==}
    dependencies:
      domelementtype: 2.3.0
      domhandler: 5.0.3
      domutils: 3.1.0
      entities: 4.5.0
    dev: false

  /import-meta-resolve@4.0.0:
    resolution: {integrity: sha512-okYUR7ZQPH+efeuMJGlq4f8ubUgO50kByRPyt/Cy1Io4PSRsPjxME+YlVaCOx+NIToW7hCsZNFJyTPFFKepRSA==}
    dev: false

  /js-yaml@4.1.0:
    resolution: {integrity: sha512-wpxZs9NoxZaJESJGIZTyDEaYpl0FKSA+FB9aJiyemKhMwkxQg63h4T1KJgUGHpTqPDNRcmmYLugrRjJlBtWvRA==}
    hasBin: true
    dependencies:
      argparse: 2.0.1
    dev: false

  /lightningcss-darwin-arm64@1.23.0:
    resolution: {integrity: sha512-kl4Pk3Q2lnE6AJ7Qaij47KNEfY2/UXRZBT/zqGA24B8qwkgllr/j7rclKOf1axcslNXvvUdztjo4Xqh39Yq1aA==}
    engines: {node: '>= 12.0.0'}
    cpu: [arm64]
    os: [darwin]
    requiresBuild: true
    dev: true
    optional: true

  /lightningcss-darwin-arm64@1.24.0:
    resolution: {integrity: sha512-rTNPkEiynOu4CfGdd5ZfVOQe2gd2idfQd4EfX1l2ZUUwd+2SwSdbb7cG4rlwfnZckbzCAygm85xkpekRE5/wFw==}
    engines: {node: '>= 12.0.0'}
    cpu: [arm64]
    os: [darwin]
    requiresBuild: true
    dev: false
    optional: true

  /lightningcss-darwin-x64@1.23.0:
    resolution: {integrity: sha512-KeRFCNoYfDdcolcFXvokVw+PXCapd2yHS1Diko1z1BhRz/nQuD5XyZmxjWdhmhN/zj5sH8YvWsp0/lPLVzqKpg==}
    engines: {node: '>= 12.0.0'}
    cpu: [x64]
    os: [darwin]
    requiresBuild: true
    dev: true
    optional: true

  /lightningcss-darwin-x64@1.24.0:
    resolution: {integrity: sha512-4KCeF2RJjzp9xdGY8zIH68CUtptEg8uz8PfkHvsIdrP4t9t5CIgfDBhiB8AmuO75N6SofdmZexDZIKdy9vA7Ww==}
    engines: {node: '>= 12.0.0'}
    cpu: [x64]
    os: [darwin]
    requiresBuild: true
    dev: false
    optional: true

  /lightningcss-freebsd-x64@1.23.0:
    resolution: {integrity: sha512-xhnhf0bWPuZxcqknvMDRFFo2TInrmQRWZGB0f6YoAsZX8Y+epfjHeeOIGCfAmgF0DgZxHwYc8mIR5tQU9/+ROA==}
    engines: {node: '>= 12.0.0'}
    cpu: [x64]
    os: [freebsd]
    requiresBuild: true
    dev: true
    optional: true

  /lightningcss-freebsd-x64@1.24.0:
    resolution: {integrity: sha512-FJAYlek1wXuVTsncNU0C6YD41q126dXcIUm97KAccMn9C4s/JfLSqGWT2gIzAblavPFkyGG2gIADTWp3uWfN1g==}
    engines: {node: '>= 12.0.0'}
    cpu: [x64]
    os: [freebsd]
    requiresBuild: true
    dev: false
    optional: true

  /lightningcss-linux-arm-gnueabihf@1.23.0:
    resolution: {integrity: sha512-fBamf/bULvmWft9uuX+bZske236pUZEoUlaHNBjnueaCTJ/xd8eXgb0cEc7S5o0Nn6kxlauMBnqJpF70Bgq3zg==}
    engines: {node: '>= 12.0.0'}
    cpu: [arm]
    os: [linux]
    requiresBuild: true
    dev: true
    optional: true

  /lightningcss-linux-arm-gnueabihf@1.24.0:
    resolution: {integrity: sha512-N55K6JqzMx7C0hYUu1YmWqhkHwzEJlkQRMA6phY65noO0I1LOAvP4wBIoFWrzRE+O6zL0RmXJ2xppqyTbk3sYw==}
    engines: {node: '>= 12.0.0'}
    cpu: [arm]
    os: [linux]
    requiresBuild: true
    dev: false
    optional: true

  /lightningcss-linux-arm64-gnu@1.23.0:
    resolution: {integrity: sha512-RS7sY77yVLOmZD6xW2uEHByYHhQi5JYWmgVumYY85BfNoVI3DupXSlzbw+b45A9NnVKq45+oXkiN6ouMMtTwfg==}
    engines: {node: '>= 12.0.0'}
    cpu: [arm64]
    os: [linux]
    requiresBuild: true
    dev: true
    optional: true

  /lightningcss-linux-arm64-gnu@1.24.0:
    resolution: {integrity: sha512-MqqUB2TpYtFWeBvvf5KExDdClU3YGLW5bHKs50uKKootcvG9KoS7wYwd5UichS+W3mYLc5yXUPGD1DNWbLiYKw==}
    engines: {node: '>= 12.0.0'}
    cpu: [arm64]
    os: [linux]
    requiresBuild: true
    dev: false
    optional: true

  /lightningcss-linux-arm64-musl@1.23.0:
    resolution: {integrity: sha512-cU00LGb6GUXCwof6ACgSMKo3q7XYbsyTj0WsKHLi1nw7pV0NCq8nFTn6ZRBYLoKiV8t+jWl0Hv8KkgymmK5L5g==}
    engines: {node: '>= 12.0.0'}
    cpu: [arm64]
    os: [linux]
    requiresBuild: true
    dev: true
    optional: true

  /lightningcss-linux-arm64-musl@1.24.0:
    resolution: {integrity: sha512-5wn4d9tFwa5bS1ao9mLexYVJdh3nn09HNIipsII6ZF7z9ZA5J4dOEhMgKoeCl891axTGTUYd8Kxn+Hn3XUSYRQ==}
    engines: {node: '>= 12.0.0'}
    cpu: [arm64]
    os: [linux]
    requiresBuild: true
    dev: false
    optional: true

  /lightningcss-linux-x64-gnu@1.23.0:
    resolution: {integrity: sha512-q4jdx5+5NfB0/qMbXbOmuC6oo7caPnFghJbIAV90cXZqgV8Am3miZhC4p+sQVdacqxfd+3nrle4C8icR3p1AYw==}
    engines: {node: '>= 12.0.0'}
    cpu: [x64]
    os: [linux]
    requiresBuild: true
    dev: true
    optional: true

  /lightningcss-linux-x64-gnu@1.24.0:
    resolution: {integrity: sha512-3j5MdTh+LSDF3o6uDwRjRUgw4J+IfDCVtdkUrJvKxL79qBLUujXY7CTe5X3IQDDLKEe/3wu49r8JKgxr0MfjbQ==}
    engines: {node: '>= 12.0.0'}
    cpu: [x64]
    os: [linux]
    requiresBuild: true
    dev: false
    optional: true

  /lightningcss-linux-x64-musl@1.23.0:
    resolution: {integrity: sha512-G9Ri3qpmF4qef2CV/80dADHKXRAQeQXpQTLx7AiQrBYQHqBjB75oxqj06FCIe5g4hNCqLPnM9fsO4CyiT1sFSQ==}
    engines: {node: '>= 12.0.0'}
    cpu: [x64]
    os: [linux]
    requiresBuild: true
    dev: true
    optional: true

  /lightningcss-linux-x64-musl@1.24.0:
    resolution: {integrity: sha512-HI+rNnvaLz0o36z6Ki0gyG5igVGrJmzczxA5fznr6eFTj3cHORoR/j2q8ivMzNFR4UKJDkTWUH5LMhacwOHWBA==}
    engines: {node: '>= 12.0.0'}
    cpu: [x64]
    os: [linux]
    requiresBuild: true
    dev: false
    optional: true

  /lightningcss-win32-x64-msvc@1.23.0:
    resolution: {integrity: sha512-1rcBDJLU+obPPJM6qR5fgBUiCdZwZLafZM5f9kwjFLkb/UBNIzmae39uCSmh71nzPCTXZqHbvwu23OWnWEz+eg==}
    engines: {node: '>= 12.0.0'}
    cpu: [x64]
    os: [win32]
    requiresBuild: true
    dev: true
    optional: true

  /lightningcss-win32-x64-msvc@1.24.0:
    resolution: {integrity: sha512-oeije/t7OZ5N9vSs6amyW/34wIYoBCpE6HUlsSKcP2SR1CVgx9oKEM00GtQmtqNnYiMIfsSm7+ppMb4NLtD5vg==}
    engines: {node: '>= 12.0.0'}
    cpu: [x64]
    os: [win32]
    requiresBuild: true
    dev: false
    optional: true

  /lightningcss@1.23.0:
    resolution: {integrity: sha512-SEArWKMHhqn/0QzOtclIwH5pXIYQOUEkF8DgICd/105O+GCgd7jxjNod/QPnBCSWvpRHQBGVz5fQ9uScby03zA==}
    engines: {node: '>= 12.0.0'}
    dependencies:
      detect-libc: 1.0.3
    optionalDependencies:
      lightningcss-darwin-arm64: 1.23.0
      lightningcss-darwin-x64: 1.23.0
      lightningcss-freebsd-x64: 1.23.0
      lightningcss-linux-arm-gnueabihf: 1.23.0
      lightningcss-linux-arm64-gnu: 1.23.0
      lightningcss-linux-arm64-musl: 1.23.0
      lightningcss-linux-x64-gnu: 1.23.0
      lightningcss-linux-x64-musl: 1.23.0
      lightningcss-win32-x64-msvc: 1.23.0
    dev: true

  /lightningcss@1.24.0:
    resolution: {integrity: sha512-y36QEEDVx4IM7/yIZNsZJMRREIu26WzTsauIysf5s76YeCmlSbRZS7aC97IGPuoFRnyZ5Wx43OBsQBFB5Ne7ng==}
    engines: {node: '>= 12.0.0'}
    dependencies:
      detect-libc: 1.0.3
    optionalDependencies:
      lightningcss-darwin-arm64: 1.24.0
      lightningcss-darwin-x64: 1.24.0
      lightningcss-freebsd-x64: 1.24.0
      lightningcss-linux-arm-gnueabihf: 1.24.0
      lightningcss-linux-arm64-gnu: 1.24.0
      lightningcss-linux-arm64-musl: 1.24.0
      lightningcss-linux-x64-gnu: 1.24.0
      lightningcss-linux-x64-musl: 1.24.0
      lightningcss-win32-x64-msvc: 1.24.0
    dev: false

  /marked@9.1.6:
    resolution: {integrity: sha512-jcByLnIFkd5gSXZmjNvS1TlmRhCXZjIzHYlaGkPlLIekG55JDR2Z4va9tZwCiP+/RDERiNhMOFu01xd6O5ct1Q==}
    engines: {node: '>= 16'}
    hasBin: true
    dev: false
